
Microsoft Visual Studio Solution File, Format Version 12.00
# Visual Studio 15
VisualStudioVersion = 15.0.26014.0
MinimumVisualStudioVersion = 10.0.40219.1
Project("{FAE04EC0-301F-11D3-BF4B-00C04F79EFBC}") = "FetchData", "FetchData.csproj", "{83E901E2-37FE-440E-A776-782FB1C1BC79}"
EndProject
Project("{FAE04EC0-301F-11D3-BF4B-00C04F79EFBC}") = "Main", "..\Main\Main.csproj", "{8C4C870E-F0F6-4FEB-959E-004A04679E8F}"
	ProjectSection(ProjectDependencies) = postProject
		{83E901E2-37FE-440E-A776-782FB1C1BC79} = {83E901E2-37FE-440E-A776-782FB1C1BC79}
	EndProjectSection
EndProject
Project("{FAE04EC0-301F-11D3-BF4B-00C04F79EFBC}") = "FetchData.Test", "FetchData.Test\FetchData.Test.csproj", "{3F579404-D775-40E5-A176-DC7C036FF89C}"
EndProject
Global
	GlobalSection(SolutionConfigurationPlatforms) = preSolution
		Debug|Any CPU = Debug|Any CPU
		Release|Any CPU = Release|Any CPU
	EndGlobalSection
	GlobalSection(ProjectConfigurationPlatforms) = postSolution
		{83E901E2-37FE-440E-A776-782FB1C1BC79}.Debug|Any CPU.ActiveCfg = Debug|Any CPU
		{83E901E2-37FE-440E-A776-782FB1C1BC79}.Debug|Any CPU.Build.0 = Debug|Any CPU
		{83E901E2-37FE-440E-A776-782FB1C1BC79}.Release|Any CPU.ActiveCfg = Release|Any CPU
		{83E901E2-37FE-440E-A776-782FB1C1BC79}.Release|Any CPU.Build.0 = Release|Any CPU
		{8C4C870E-F0F6-4FEB-959E-004A04679E8F}.Debug|Any CPU.ActiveCfg = Debug|Any CPU
		{8C4C870E-F0F6-4FEB-959E-004A04679E8F}.Debug|Any CPU.Build.0 = Debug|Any CPU
		{8C4C870E-F0F6-4FEB-959E-004A04679E8F}.Release|Any CPU.ActiveCfg = Release|Any CPU
		{8C4C870E-F0F6-4FEB-959E-004A04679E8F}.Release|Any CPU.Build.0 = Release|Any CPU
		{3F579404-D775-40E5-A176-DC7C036FF89C}.Debug|Any CPU.ActiveCfg = Debug|Any CPU
		{3F579404-D775-40E5-A176-DC7C036FF89C}.Debug|Any CPU.Build.0 = Debug|Any CPU
		{3F579404-D775-40E5-A176-DC7C036FF89C}.Release|Any CPU.ActiveCfg = Release|Any CPU
		{3F579404-D775-40E5-A176-DC7C036FF89C}.Release|Any CPU.Build.0 = Release|Any CPU
	EndGlobalSection
	GlobalSection(SolutionProperties) = preSolution
		HideSolutionNode = FALSE
	EndGlobalSection
EndGlobal
